
Microsoft Visual Studio Solution File, Format Version 12.00
# Visual Studio Version 17
VisualStudioVersion = 17.4.33205.214
MinimumVisualStudioVersion = 10.0.40219.1
Project("{FAE04EC0-301F-11D3-BF4B-00C04F79EFBC}") = "NET101_Assignment_NguyenDinhVu_DG1", "NET101_Assignment_NguyenDinhVu_DG1.csproj", "{7DA45259-5DE6-4C69-B2CF-E60385A99D11}"
EndProject
Global
	GlobalSection(SolutionConfigurationPlatforms) = preSolution
		Debug|Any CPU = Debug|Any CPU
		Release|Any CPU = Release|Any CPU
	EndGlobalSection
	GlobalSection(ProjectConfigurationPlatforms) = postSolution
		{7DA45259-5DE6-4C69-B2CF-E60385A99D11}.Debug|Any CPU.ActiveCfg = Debug|Any CPU
		{7DA45259-5DE6-4C69-B2CF-E60385A99D11}.Debug|Any CPU.Build.0 = Debug|Any CPU
		{7DA45259-5DE6-4C69-B2CF-E60385A99D11}.Release|Any CPU.ActiveCfg = Release|Any CPU
		{7DA45259-5DE6-4C69-B2CF-E60385A99D11}.Release|Any CPU.Build.0 = Release|Any CPU
	EndGlobalSection
	GlobalSection(SolutionProperties) = preSolution
		HideSolutionNode = FALSE
	EndGlobalSection
	GlobalSection(ExtensibilityGlobals) = postSolution
		SolutionGuid = {5BA11F5B-2E99-4780-8AA5-D52E8F562278}
	EndGlobalSection
EndGlobal
